{
  "name": "@haiilo/catalyst-angular",
  "version": "0.5.2",
  "lockfileVersion": 2,
  "requires": true,
  "packages": {
    "": {
      "name": "@haiilo/catalyst-angular",
      "version": "0.5.2",
      "license": "MIT",
      "dependencies": {
        "@haiilo/catalyst": "^0.4.0",
        "tslib": "^2.3.0"
      },
      "peerDependencies": {
        "@angular/core": ">=12.0.0",
        "rxjs": ">=6.6.0"
      }
    },
    "../../../core": {
      "name": "@haiilo/catalyst",
      "version": "0.3.1",
      "extraneous": true,
      "license": "MIT",
      "dependencies": {
        "@floating-ui/dom": "0.4.1",
        "@haiilo/catalyst-tokens": "^0.3.1",
        "@stencil/core": "2.15.0",
        "focus-trap": "6.8.0-beta.2",
        "loglevel": "1.8.0",
        "sanitize.css": "13.0.0",
        "tabbable": "5.3.0-beta.1"
      },
      "devDependencies": {
        "@babel/core": "^7.16.5",
        "@haiilo/catalyst-icons": "^0.2.0",
        "@stencil/angular-output-target": "^0.4.0",
        "@stencil/react-output-target": "^0.3.1",
        "@stencil/sass": "^1.5.2",
        "@stencil/vue-output-target": "^0.6.0",
        "@types/jest": "^27.4.0",
        "@typescript-eslint/eslint-plugin": "^5.11.0",
        "@typescript-eslint/parser": "^5.11.0",
        "babel-loader": "^8.2.3",
        "eslint": "^8.8.0",
        "eslint-config-prettier": "^8.3.0",
        "jest": "^27.5.1",
        "jest-cli": "^27.5.1",
        "prettier": "^2.5.1",
        "puppeteer": "^13.5.2",
        "rxjs": "^7.5.5",
        "stylelint": "^14.4.0",
        "stylelint-config-prettier-scss": "^0.0.1",
        "stylelint-config-standard-scss": "^3.0.0",
        "typescript": "^4.5.5"
      },
      "peerDependencies": {
        "@haiilo/catalyst-icons": ">=0.2.0",
        "rxjs": "^7.5.5"
      }
    },
    "node_modules/@angular/core": {
      "version": "13.3.3",
      "license": "MIT",
      "peer": true,
      "dependencies": {
        "tslib": "^2.3.0"
      },
      "engines": {
        "node": "^12.20.0 || ^14.15.0 || >=16.10.0"
      },
      "peerDependencies": {
        "rxjs": "^6.5.3 || ^7.4.0",
        "zone.js": "~0.11.4"
      }
    },
    "node_modules/@floating-ui/core": {
      "version": "0.6.2",
      "resolved": "https://registry.npmjs.org/@floating-ui/core/-/core-0.6.2.tgz",
      "integrity": "sha512-jktYRmZwmau63adUG3GKOAVCofBXkk55S/zQ94XOorAHhwqFIOFAy1rSp2N0Wp6/tGbe9V3u/ExlGZypyY17rg=="
    },
    "node_modules/@floating-ui/dom": {
      "version": "0.4.1",
      "resolved": "https://registry.npmjs.org/@floating-ui/dom/-/dom-0.4.1.tgz",
      "integrity": "sha512-VAdIkn+zc4VB3pSemBk2JwjXlbVEBUbQft4V5jGpUeA9Vxd1fQD5eL3dMIMLVW003NYCOoW42JjjyBPNTpr8uQ==",
      "dependencies": {
        "@floating-ui/core": "^0.6.1"
      }
    },
    "node_modules/@haiilo/catalyst": {
      "version": "0.4.0",
      "resolved": "https://registry.npmjs.org/@haiilo/catalyst/-/catalyst-0.4.0.tgz",
      "integrity": "sha512-Yj9PqOk3dz1MjrvsZH49H1XNAisnIaI88W9rErsL1oGHYgFWirw88U0QyFVk9SMBb3m3hBleAEeXN8rt7lz18A==",
      "dependencies": {
        "@floating-ui/dom": "0.4.1",
        "@haiilo/catalyst-tokens": "^0.4.0",
        "@stencil/core": "2.15.0",
        "focus-trap": "6.8.1",
        "loglevel": "1.8.0",
        "sanitize.css": "13.0.0",
        "tabbable": "5.3.1"
      },
      "peerDependencies": {
        "@haiilo/catalyst-icons": ">=0.2.6",
        "rxjs": "^7.5.5"
      }
    },
    "node_modules/@haiilo/catalyst-icons": {
      "version": "0.2.6",
      "resolved": "https://registry.npmjs.org/@haiilo/catalyst-icons/-/catalyst-icons-0.2.6.tgz",
      "integrity": "sha512-MY7jU6vcUz3P/4iWK/KxxDLDT9ALT5EsnuAiRk06lV/PhclLPhB0Tgf/0H10fPvGQWZgk4XomCJABPffcok7Uw==",
      "peer": true,
      "engines": {
        "node": ">=17.0.0",
        "npm": ">=8.0.0"
      }
    },
    "node_modules/@haiilo/catalyst-tokens": {
      "version": "0.4.0",
      "resolved": "https://registry.npmjs.org/@haiilo/catalyst-tokens/-/catalyst-tokens-0.4.0.tgz",
      "integrity": "sha512-JztEK3bfpwElEgcoy9Ll0oPF9j7nrYX+9d63sINW1Ge25vhFud88SZji89HDztjMMnrdFwSzSmvnnteEPQgH/A=="
    },
    "node_modules/@stencil/core": {
      "version": "2.15.0",
      "resolved": "https://registry.npmjs.org/@stencil/core/-/core-2.15.0.tgz",
      "integrity": "sha512-58+FPFpJCJScd5nmqVsZN+qk7aui57wFcMHWzySr1SQzoY8Efst9OPG7XRf27UsNj1DNeEdYWTtdrTfJyn3mZg==",
      "bin": {
        "stencil": "bin/stencil"
      },
      "engines": {
        "node": ">=12.10.0",
        "npm": ">=6.0.0"
      }
    },
    "node_modules/focus-trap": {
      "version": "6.8.1",
      "resolved": "https://registry.npmjs.org/focus-trap/-/focus-trap-6.8.1.tgz",
      "integrity": "sha512-sdz/jAPiP/9cyElo31+X3/estGPi6wgHutg+R/3MFmJtMM5AeeBlFGplejQyy89Ouyds/9xW+qPEH3jFlOAuKg==",
      "dependencies": {
        "tabbable": "^5.3.1"
      }
    },
    "node_modules/loglevel": {
      "version": "1.8.0",
      "resolved": "https://registry.npmjs.org/loglevel/-/loglevel-1.8.0.tgz",
      "integrity": "sha512-G6A/nJLRgWOuuwdNuA6koovfEV1YpqqAG4pRUlFaz3jj2QNZ8M4vBqnVA+HBTmU/AMNUtlOsMmSpF6NyOjztbA==",
      "engines": {
        "node": ">= 0.6.0"
      },
      "funding": {
        "type": "tidelift",
        "url": "https://tidelift.com/funding/github/npm/loglevel"
      }
    },
    "node_modules/rxjs": {
      "version": "7.5.5",
      "license": "Apache-2.0",
      "peer": true,
      "dependencies": {
        "tslib": "^2.1.0"
      }
    },
    "node_modules/sanitize.css": {
      "version": "13.0.0",
      "resolved": "https://registry.npmjs.org/sanitize.css/-/sanitize.css-13.0.0.tgz",
      "integrity": "sha512-ZRwKbh/eQ6w9vmTjkuG0Ioi3HBwPFce0O+v//ve+aOq1oeCy7jMV2qzzAlpsNuqpqCBjjriM1lbtZbF/Q8jVyA=="
    },
    "node_modules/tabbable": {
      "version": "5.3.1",
      "resolved": "https://registry.npmjs.org/tabbable/-/tabbable-5.3.1.tgz",
      "integrity": "sha512-NtO7I7eoAHR+JwwcNsi/PipamtAEebYDnur/k9wM6n238HHy/+1O4+7Zx7e/JaDAbKJPlIFYsfsV/6tPqTOQvg=="
    },
    "node_modules/tslib": {
      "version": "2.3.1",
      "license": "0BSD"
    },
    "node_modules/zone.js": {
      "version": "0.11.5",
      "license": "MIT",
      "peer": true,
      "dependencies": {
        "tslib": "^2.3.0"
      }
    }
  },
  "dependencies": {
    "@angular/core": {
      "version": "13.3.3",
      "peer": true,
      "requires": {
        "tslib": "^2.3.0"
      }
    },
    "@floating-ui/core": {
      "version": "0.6.2",
      "resolved": "https://registry.npmjs.org/@floating-ui/core/-/core-0.6.2.tgz",
      "integrity": "sha512-jktYRmZwmau63adUG3GKOAVCofBXkk55S/zQ94XOorAHhwqFIOFAy1rSp2N0Wp6/tGbe9V3u/ExlGZypyY17rg=="
    },
    "@floating-ui/dom": {
      "version": "0.4.1",
      "resolved": "https://registry.npmjs.org/@floating-ui/dom/-/dom-0.4.1.tgz",
      "integrity": "sha512-VAdIkn+zc4VB3pSemBk2JwjXlbVEBUbQft4V5jGpUeA9Vxd1fQD5eL3dMIMLVW003NYCOoW42JjjyBPNTpr8uQ==",
      "requires": {
        "@floating-ui/core": "^0.6.1"
      }
    },
    "@haiilo/catalyst": {
      "version": "0.4.0",
      "resolved": "https://registry.npmjs.org/@haiilo/catalyst/-/catalyst-0.4.0.tgz",
      "integrity": "sha512-Yj9PqOk3dz1MjrvsZH49H1XNAisnIaI88W9rErsL1oGHYgFWirw88U0QyFVk9SMBb3m3hBleAEeXN8rt7lz18A==",
      "requires": {
        "@floating-ui/dom": "0.4.1",
        "@haiilo/catalyst-tokens": "^0.4.0",
        "@stencil/core": "2.15.0",
        "focus-trap": "6.8.1",
        "loglevel": "1.8.0",
        "sanitize.css": "13.0.0",
        "tabbable": "5.3.1"
      }
    },
    "@haiilo/catalyst-icons": {
      "version": "0.2.6",
      "resolved": "https://registry.npmjs.org/@haiilo/catalyst-icons/-/catalyst-icons-0.2.6.tgz",
      "integrity": "sha512-MY7jU6vcUz3P/4iWK/KxxDLDT9ALT5EsnuAiRk06lV/PhclLPhB0Tgf/0H10fPvGQWZgk4XomCJABPffcok7Uw==",
      "peer": true
    },
    "@haiilo/catalyst-tokens": {
      "version": "0.4.0",
      "resolved": "https://registry.npmjs.org/@haiilo/catalyst-tokens/-/catalyst-tokens-0.4.0.tgz",
      "integrity": "sha512-JztEK3bfpwElEgcoy9Ll0oPF9j7nrYX+9d63sINW1Ge25vhFud88SZji89HDztjMMnrdFwSzSmvnnteEPQgH/A=="
    },
    "@stencil/core": {
      "version": "2.15.0",
      "resolved": "https://registry.npmjs.org/@stencil/core/-/core-2.15.0.tgz",
      "integrity": "sha512-58+FPFpJCJScd5nmqVsZN+qk7aui57wFcMHWzySr1SQzoY8Efst9OPG7XRf27UsNj1DNeEdYWTtdrTfJyn3mZg=="
    },
    "focus-trap": {
      "version": "6.8.1",
      "resolved": "https://registry.npmjs.org/focus-trap/-/focus-trap-6.8.1.tgz",
      "integrity": "sha512-sdz/jAPiP/9cyElo31+X3/estGPi6wgHutg+R/3MFmJtMM5AeeBlFGplejQyy89Ouyds/9xW+qPEH3jFlOAuKg==",
      "requires": {
        "tabbable": "^5.3.1"
      }
    },
    "loglevel": {
      "version": "1.8.0",
      "resolved": "https://registry.npmjs.org/loglevel/-/loglevel-1.8.0.tgz",
      "integrity": "sha512-G6A/nJLRgWOuuwdNuA6koovfEV1YpqqAG4pRUlFaz3jj2QNZ8M4vBqnVA+HBTmU/AMNUtlOsMmSpF6NyOjztbA=="
    },
    "rxjs": {
      "version": "7.5.5",
      "peer": true,
      "requires": {
        "tslib": "^2.1.0"
      }
    },
    "sanitize.css": {
      "version": "13.0.0",
      "resolved": "https://registry.npmjs.org/sanitize.css/-/sanitize.css-13.0.0.tgz",
      "integrity": "sha512-ZRwKbh/eQ6w9vmTjkuG0Ioi3HBwPFce0O+v//ve+aOq1oeCy7jMV2qzzAlpsNuqpqCBjjriM1lbtZbF/Q8jVyA=="
    },
    "tabbable": {
      "version": "5.3.1",
      "resolved": "https://registry.npmjs.org/tabbable/-/tabbable-5.3.1.tgz",
      "integrity": "sha512-NtO7I7eoAHR+JwwcNsi/PipamtAEebYDnur/k9wM6n238HHy/+1O4+7Zx7e/JaDAbKJPlIFYsfsV/6tPqTOQvg=="
    },
    "tslib": {
      "version": "2.3.1"
    },
    "zone.js": {
      "version": "0.11.5",
      "peer": true,
      "requires": {
        "tslib": "^2.3.0"
      }
    }
  }
}
