{
  "name": "@coyoapp/catalyst-angular",
  "version": "0.0.2",
  "lockfileVersion": 1,
  "requires": true,
  "dependencies": {
    "@coyoapp/catalyst": {
      "version": "0.0.2",
      "resolved": "https://registry.npmjs.org/@coyoapp/catalyst/-/catalyst-0.0.2.tgz",
      "integrity": "sha512-YIqElJTaVdNRbcWLWYRdD0dFh4J4JpFHV1YM4B+HmUSdYvs256YFSb9GK036ygJP5WbY+zkQuGox6xwVIIkoLw==",
      "requires": {
        "@coyoapp/icons": "^2.0.0",
        "@stencil/angular-output-target": "^0.4.0",
        "@stencil/core": "^2.7.0",
        "rxjs": "^7.0.0"
      }
    },
    "@coyoapp/icons": {
      "version": "2.0.15",
      "resolved": "https://registry.npmjs.org/@coyoapp/icons/-/icons-2.0.15.tgz",
      "integrity": "sha512-iIrypCh058LAd4bDsyUIXuevXr4ONNZJFtUXirhod+nhBFuIuOOIrY3HUvMYyBWdg4fS77sJBCOVV0no1kED6w=="
    },
    "@stencil/angular-output-target": {
      "version": "0.4.0",
      "resolved": "https://registry.npmjs.org/@stencil/angular-output-target/-/angular-output-target-0.4.0.tgz",
      "integrity": "sha512-zauaj0za46IWoPgv2IanDp3tiljwDRDNk4jB7WII6KeL66dkk7ffeqYZ0CgySTU5W2FjnKR6JEKbAnwUxjGIsA=="
    },
    "@stencil/core": {
      "version": "2.12.0",
      "resolved": "https://registry.npmjs.org/@stencil/core/-/core-2.12.0.tgz",
      "integrity": "sha512-hQlQKh5CUJe8g3L5avLLsfgVu95HMS2LToTtS7gpvvP0eKes1VvAC56uhI+vH4u44GZl9ck/g1rJBVRmMWu0LA=="
    },
    "rxjs": {
      "version": "7.4.0",
      "resolved": "https://registry.npmjs.org/rxjs/-/rxjs-7.4.0.tgz",
      "integrity": "sha512-7SQDi7xeTMCJpqViXh8gL/lebcwlp3d831F05+9B44A4B0WfsEwUQHR64gsH1kvJ+Ep/J9K2+n1hVl1CsGN23w==",
      "requires": {
        "tslib": "~2.1.0"
      },
      "dependencies": {
        "tslib": {
          "version": "2.1.0",
          "resolved": "https://registry.npmjs.org/tslib/-/tslib-2.1.0.tgz",
          "integrity": "sha512-hcVC3wYEziELGGmEEXue7D75zbwIIVUMWAVbHItGPx0ziyXxrOMQx4rQEVEV45Ut/1IotuEvwqPopzIOkDMf0A=="
        }
      }
    },
    "tslib": {
      "version": "2.3.1",
      "resolved": "https://registry.npmjs.org/tslib/-/tslib-2.3.1.tgz",
      "integrity": "sha512-77EbyPPpMz+FRFRuAFlWMtmgUWGe9UOG2Z25NqCwiIjRhOf5iKGuzSe5P2w1laq+FkRy4p+PCuVkJSGkzTEKVw=="
    }
  }
}
