{
	"name": "@haiilo/catalyst-angular",
	"version": "0.3.1",
	"lockfileVersion": 2,
	"requires": true,
	"packages": {
		"": {
			"name": "@haiilo/catalyst-angular",
			"version": "0.3.1",
			"license": "MIT",
			"dependencies": {
				"tslib": "^2.3.0"
			},
			"peerDependencies": {
				"@angular/core": ">=12.0.0",
				"rxjs": ">=6.6.0"
			}
		},
		"../../../core": {
			"name": "@haiilo/catalyst",
			"version": "0.3.1",
			"extraneous": true,
			"license": "MIT",
			"dependencies": {
				"@floating-ui/dom": "0.4.1",
				"@haiilo/catalyst-tokens": "^0.3.1",
				"@stencil/core": "2.15.0",
				"focus-trap": "6.8.0-beta.2",
				"loglevel": "1.8.0",
				"sanitize.css": "13.0.0",
				"tabbable": "5.3.0-beta.1"
			},
			"devDependencies": {
				"@babel/core": "^7.16.5",
				"@haiilo/catalyst-icons": "^0.2.0",
				"@stencil/angular-output-target": "^0.4.0",
				"@stencil/react-output-target": "^0.3.1",
				"@stencil/sass": "^1.5.2",
				"@stencil/vue-output-target": "^0.6.0",
				"@types/jest": "^27.4.0",
				"@typescript-eslint/eslint-plugin": "^5.11.0",
				"@typescript-eslint/parser": "^5.11.0",
				"babel-loader": "^8.2.3",
				"eslint": "^8.8.0",
				"eslint-config-prettier": "^8.3.0",
				"jest": "^27.5.1",
				"jest-cli": "^27.5.1",
				"prettier": "^2.5.1",
				"puppeteer": "^13.5.2",
				"rxjs": "^7.5.5",
				"stylelint": "^14.4.0",
				"stylelint-config-prettier-scss": "^0.0.1",
				"stylelint-config-standard-scss": "^3.0.0",
				"typescript": "^4.5.5"
			},
			"peerDependencies": {
				"@haiilo/catalyst-icons": ">=0.2.0",
				"rxjs": "^7.5.5"
			}
		},
		"node_modules/@angular/core": {
			"version": "13.3.3",
			"license": "MIT",
			"peer": true,
			"dependencies": {
				"tslib": "^2.3.0"
			},
			"engines": {
				"node": "^12.20.0 || ^14.15.0 || >=16.10.0"
			},
			"peerDependencies": {
				"rxjs": "^6.5.3 || ^7.4.0",
				"zone.js": "~0.11.4"
			}
		},
		"node_modules/rxjs": {
			"version": "7.5.5",
			"license": "Apache-2.0",
			"peer": true,
			"dependencies": {
				"tslib": "^2.1.0"
			}
		},
		"node_modules/tslib": {
			"version": "2.3.1",
			"license": "0BSD"
		},
		"node_modules/zone.js": {
			"version": "0.11.5",
			"license": "MIT",
			"peer": true,
			"dependencies": {
				"tslib": "^2.3.0"
			}
		}
	},
	"dependencies": {
		"@angular/core": {
			"version": "13.3.3",
			"peer": true,
			"requires": {
				"tslib": "^2.3.0"
			}
		},
		"rxjs": {
			"version": "7.5.5",
			"peer": true,
			"requires": {
				"tslib": "^2.1.0"
			}
		},
		"tslib": {
			"version": "2.3.1"
		},
		"zone.js": {
			"version": "0.11.5",
			"peer": true,
			"requires": {
				"tslib": "^2.3.0"
			}
		}
	}
}
